
Microsoft Visual Studio Solution File, Format Version 12.00
# Visual Studio 15
VisualStudioVersion = 15.0.26430.4
MinimumVisualStudioVersion = 10.0.40219.1
Project("{FAE04EC0-301F-11D3-BF4B-00C04F79EFBC}") = "ReportViewerDataSetEditor", "ReportViewerDataSetEditor\ReportViewerDataSetEditor.csproj", "{BDB0D1E2-17F4-4DB4-919B-1EB6F910D43C}"
EndProject
Global
	GlobalSection(SolutionConfigurationPlatforms) = preSolution
		Debug|Any CPU = Debug|Any CPU
		Release|Any CPU = Release|Any CPU
	EndGlobalSection
	GlobalSection(ProjectConfigurationPlatforms) = postSolution
		{BDB0D1E2-17F4-4DB4-919B-1EB6F910D43C}.Debug|Any CPU.ActiveCfg = Debug|Any CPU
		{BDB0D1E2-17F4-4DB4-919B-1EB6F910D43C}.Debug|Any CPU.Build.0 = Debug|Any CPU
		{BDB0D1E2-17F4-4DB4-919B-1EB6F910D43C}.Release|Any CPU.ActiveCfg = Release|Any CPU
		{BDB0D1E2-17F4-4DB4-919B-1EB6F910D43C}.Release|Any CPU.Build.0 = Release|Any CPU
	EndGlobalSection
	GlobalSection(SolutionProperties) = preSolution
		HideSolutionNode = FALSE
	EndGlobalSection
EndGlobal
